
Microsoft Visual Studio Solution File, Format Version 12.00
# Visual Studio Version 17
VisualStudioVersion = 17.4.33213.308
MinimumVisualStudioVersion = 10.0.40219.1
Project("{FAE04EC0-301F-11D3-BF4B-00C04F79EFBC}") = "TemplateMethod", "TemplateMethod.csproj", "{BC8ED76F-E2B8-4975-92F3-35A706841D9E}"
EndProject
Global
	GlobalSection(SolutionConfigurationPlatforms) = preSolution
		Debug|Any CPU = Debug|Any CPU
		Release|Any CPU = Release|Any CPU
	EndGlobalSection
	GlobalSection(ProjectConfigurationPlatforms) = postSolution
		{BC8ED76F-E2B8-4975-92F3-35A706841D9E}.Debug|Any CPU.ActiveCfg = Debug|Any CPU
		{BC8ED76F-E2B8-4975-92F3-35A706841D9E}.Debug|Any CPU.Build.0 = Debug|Any CPU
		{BC8ED76F-E2B8-4975-92F3-35A706841D9E}.Release|Any CPU.ActiveCfg = Release|Any CPU
		{BC8ED76F-E2B8-4975-92F3-35A706841D9E}.Release|Any CPU.Build.0 = Release|Any CPU
	EndGlobalSection
	GlobalSection(SolutionProperties) = preSolution
		HideSolutionNode = FALSE
	EndGlobalSection
	GlobalSection(ExtensibilityGlobals) = postSolution
		SolutionGuid = {64CCCBDF-623A-4832-BBC0-5B03625BF902}
	EndGlobalSection
EndGlobal
