
Microsoft Visual Studio Solution File, Format Version 12.00
# Visual Studio Version 17
VisualStudioVersion = 17.4.33213.308
MinimumVisualStudioVersion = 10.0.40219.1
Project("{FAE04EC0-301F-11D3-BF4B-00C04F79EFBC}") = "FactoryMethod", "FactoryMethod.csproj", "{FD9ACFA9-10A0-452A-A8CF-2AF190588CA3}"
EndProject
Global
	GlobalSection(SolutionConfigurationPlatforms) = preSolution
		Debug|Any CPU = Debug|Any CPU
		Release|Any CPU = Release|Any CPU
	EndGlobalSection
	GlobalSection(ProjectConfigurationPlatforms) = postSolution
		{FD9ACFA9-10A0-452A-A8CF-2AF190588CA3}.Debug|Any CPU.ActiveCfg = Debug|Any CPU
		{FD9ACFA9-10A0-452A-A8CF-2AF190588CA3}.Debug|Any CPU.Build.0 = Debug|Any CPU
		{FD9ACFA9-10A0-452A-A8CF-2AF190588CA3}.Release|Any CPU.ActiveCfg = Release|Any CPU
		{FD9ACFA9-10A0-452A-A8CF-2AF190588CA3}.Release|Any CPU.Build.0 = Release|Any CPU
	EndGlobalSection
	GlobalSection(SolutionProperties) = preSolution
		HideSolutionNode = FALSE
	EndGlobalSection
	GlobalSection(ExtensibilityGlobals) = postSolution
		SolutionGuid = {CB80BEA2-44C8-42FF-9E2C-65A1BC3775D4}
	EndGlobalSection
EndGlobal
